
Microsoft Visual Studio Solution File, Format Version 12.00
# Visual Studio Version 17
VisualStudioVersion = 17.5.33530.505
MinimumVisualStudioVersion = 10.0.40219.1
Project("{FAE04EC0-301F-11D3-BF4B-00C04F79EFBC}") = "smtp-1", "smtp-1.csproj", "{2D66C9E7-D719-4DC3-AB4E-5D3B0D7A0981}"
EndProject
Global
	GlobalSection(SolutionConfigurationPlatforms) = preSolution
		Debug|Any CPU = Debug|Any CPU
		Release|Any CPU = Release|Any CPU
	EndGlobalSection
	GlobalSection(ProjectConfigurationPlatforms) = postSolution
		{2D66C9E7-D719-4DC3-AB4E-5D3B0D7A0981}.Debug|Any CPU.ActiveCfg = Debug|Any CPU
		{2D66C9E7-D719-4DC3-AB4E-5D3B0D7A0981}.Debug|Any CPU.Build.0 = Debug|Any CPU
		{2D66C9E7-D719-4DC3-AB4E-5D3B0D7A0981}.Release|Any CPU.ActiveCfg = Release|Any CPU
		{2D66C9E7-D719-4DC3-AB4E-5D3B0D7A0981}.Release|Any CPU.Build.0 = Release|Any CPU
	EndGlobalSection
	GlobalSection(SolutionProperties) = preSolution
		HideSolutionNode = FALSE
	EndGlobalSection
	GlobalSection(ExtensibilityGlobals) = postSolution
		SolutionGuid = {EA48E5D0-41A4-4693-8804-2FD76703D699}
	EndGlobalSection
EndGlobal
